
Microsoft Visual Studio Solution File, Format Version 12.00
# Visual Studio Version 17
VisualStudioVersion = 17.3.32922.545
MinimumVisualStudioVersion = 10.0.40219.1
Project("{9A19103F-16F7-4668-BE54-9A1E7A4F7556}") = "AnemicDomainModel", "AnemicDomainModel\AnemicDomainModel.csproj", "{84345298-86F5-4603-A786-226026FEC8A9}"
EndProject
Project("{9A19103F-16F7-4668-BE54-9A1E7A4F7556}") = "ExtensionMethods", "ExtensionMethods\ExtensionMethods.csproj", "{B71EAB48-D396-4081-A9D1-59B72CD4859E}"
EndProject
Project("{9A19103F-16F7-4668-BE54-9A1E7A4F7556}") = "Inheritance", "Inheritance\Inheritance.csproj", "{5FE9118B-E390-432B-982C-89CCCCE7768D}"
EndProject
Project("{9A19103F-16F7-4668-BE54-9A1E7A4F7556}") = "UML", "UML\UML.csproj", "{1A0F5C11-D8EF-4D58-832A-8275A9A4D202}"
EndProject
Project("{9A19103F-16F7-4668-BE54-9A1E7A4F7556}") = "SOLID", "SOLID\SOLID.csproj", "{BEACE91C-3D7A-4C41-AA76-74A3B075BBA1}"
EndProject
Project("{9A19103F-16F7-4668-BE54-9A1E7A4F7556}") = "InterfacesAndAbstractClass", "InterfacesAndAbstractClass\InterfacesAndAbstractClass.csproj", "{7FD41AD1-7C23-45D2-9A6D-CFF745B2ACE3}"
EndProject
Project("{9A19103F-16F7-4668-BE54-9A1E7A4F7556}") = "DependencyInjection", "DependencyInjection\DependencyInjection.csproj", "{80DFA636-2FF0-42A3-94E8-F0095B9BAB66}"
EndProject
Project("{FAE04EC0-301F-11D3-BF4B-00C04F79EFBC}") = "Polymorphism", "Polymorphism\Polymorphism.csproj", "{C259D6D4-87AB-4FC3-A7C1-8EB3F3B0784F}"
EndProject
Global
	GlobalSection(SolutionConfigurationPlatforms) = preSolution
		Debug|Any CPU = Debug|Any CPU
		Release|Any CPU = Release|Any CPU
	EndGlobalSection
	GlobalSection(ProjectConfigurationPlatforms) = postSolution
		{84345298-86F5-4603-A786-226026FEC8A9}.Debug|Any CPU.ActiveCfg = Debug|Any CPU
		{84345298-86F5-4603-A786-226026FEC8A9}.Debug|Any CPU.Build.0 = Debug|Any CPU
		{84345298-86F5-4603-A786-226026FEC8A9}.Release|Any CPU.ActiveCfg = Release|Any CPU
		{84345298-86F5-4603-A786-226026FEC8A9}.Release|Any CPU.Build.0 = Release|Any CPU
		{B71EAB48-D396-4081-A9D1-59B72CD4859E}.Debug|Any CPU.ActiveCfg = Debug|Any CPU
		{B71EAB48-D396-4081-A9D1-59B72CD4859E}.Debug|Any CPU.Build.0 = Debug|Any CPU
		{B71EAB48-D396-4081-A9D1-59B72CD4859E}.Release|Any CPU.ActiveCfg = Release|Any CPU
		{B71EAB48-D396-4081-A9D1-59B72CD4859E}.Release|Any CPU.Build.0 = Release|Any CPU
		{5FE9118B-E390-432B-982C-89CCCCE7768D}.Debug|Any CPU.ActiveCfg = Debug|Any CPU
		{5FE9118B-E390-432B-982C-89CCCCE7768D}.Debug|Any CPU.Build.0 = Debug|Any CPU
		{5FE9118B-E390-432B-982C-89CCCCE7768D}.Release|Any CPU.ActiveCfg = Release|Any CPU
		{5FE9118B-E390-432B-982C-89CCCCE7768D}.Release|Any CPU.Build.0 = Release|Any CPU
		{1A0F5C11-D8EF-4D58-832A-8275A9A4D202}.Debug|Any CPU.ActiveCfg = Debug|Any CPU
		{1A0F5C11-D8EF-4D58-832A-8275A9A4D202}.Debug|Any CPU.Build.0 = Debug|Any CPU
		{1A0F5C11-D8EF-4D58-832A-8275A9A4D202}.Release|Any CPU.ActiveCfg = Release|Any CPU
		{1A0F5C11-D8EF-4D58-832A-8275A9A4D202}.Release|Any CPU.Build.0 = Release|Any CPU
		{BEACE91C-3D7A-4C41-AA76-74A3B075BBA1}.Debug|Any CPU.ActiveCfg = Debug|Any CPU
		{BEACE91C-3D7A-4C41-AA76-74A3B075BBA1}.Debug|Any CPU.Build.0 = Debug|Any CPU
		{BEACE91C-3D7A-4C41-AA76-74A3B075BBA1}.Release|Any CPU.ActiveCfg = Release|Any CPU
		{BEACE91C-3D7A-4C41-AA76-74A3B075BBA1}.Release|Any CPU.Build.0 = Release|Any CPU
		{7FD41AD1-7C23-45D2-9A6D-CFF745B2ACE3}.Debug|Any CPU.ActiveCfg = Debug|Any CPU
		{7FD41AD1-7C23-45D2-9A6D-CFF745B2ACE3}.Debug|Any CPU.Build.0 = Debug|Any CPU
		{7FD41AD1-7C23-45D2-9A6D-CFF745B2ACE3}.Release|Any CPU.ActiveCfg = Release|Any CPU
		{7FD41AD1-7C23-45D2-9A6D-CFF745B2ACE3}.Release|Any CPU.Build.0 = Release|Any CPU
		{80DFA636-2FF0-42A3-94E8-F0095B9BAB66}.Debug|Any CPU.ActiveCfg = Debug|Any CPU
		{80DFA636-2FF0-42A3-94E8-F0095B9BAB66}.Debug|Any CPU.Build.0 = Debug|Any CPU
		{80DFA636-2FF0-42A3-94E8-F0095B9BAB66}.Release|Any CPU.ActiveCfg = Release|Any CPU
		{80DFA636-2FF0-42A3-94E8-F0095B9BAB66}.Release|Any CPU.Build.0 = Release|Any CPU
		{C259D6D4-87AB-4FC3-A7C1-8EB3F3B0784F}.Debug|Any CPU.ActiveCfg = Debug|Any CPU
		{C259D6D4-87AB-4FC3-A7C1-8EB3F3B0784F}.Debug|Any CPU.Build.0 = Debug|Any CPU
		{C259D6D4-87AB-4FC3-A7C1-8EB3F3B0784F}.Release|Any CPU.ActiveCfg = Release|Any CPU
		{C259D6D4-87AB-4FC3-A7C1-8EB3F3B0784F}.Release|Any CPU.Build.0 = Release|Any CPU
	EndGlobalSection
	GlobalSection(SolutionProperties) = preSolution
		HideSolutionNode = FALSE
	EndGlobalSection
	GlobalSection(ExtensibilityGlobals) = postSolution
		SolutionGuid = {7A17CA83-5162-4F37-8DAB-5EC02B9E378D}
	EndGlobalSection
EndGlobal
